
Microsoft Visual Studio Solution File, Format Version 12.00
# Visual Studio Version 16
VisualStudioVersion = 16.0.31624.102
MinimumVisualStudioVersion = 10.0.40219.1
Project("{FAE04EC0-301F-11D3-BF4B-00C04F79EFBC}") = "WindowsFormsAsynchronous", "WindowsFormsAsynchronous\WindowsFormsAsynchronous.csproj", "{DE33C10E-76A1-492B-A874-DB321FF41864}"
EndProject
Global
	GlobalSection(SolutionConfigurationPlatforms) = preSolution
		Debug|Any CPU = Debug|Any CPU
		Release|Any CPU = Release|Any CPU
	EndGlobalSection
	GlobalSection(ProjectConfigurationPlatforms) = postSolution
		{DE33C10E-76A1-492B-A874-DB321FF41864}.Debug|Any CPU.ActiveCfg = Debug|Any CPU
		{DE33C10E-76A1-492B-A874-DB321FF41864}.Debug|Any CPU.Build.0 = Debug|Any CPU
		{DE33C10E-76A1-492B-A874-DB321FF41864}.Release|Any CPU.ActiveCfg = Release|Any CPU
		{DE33C10E-76A1-492B-A874-DB321FF41864}.Release|Any CPU.Build.0 = Release|Any CPU
	EndGlobalSection
	GlobalSection(SolutionProperties) = preSolution
		HideSolutionNode = FALSE
	EndGlobalSection
	GlobalSection(ExtensibilityGlobals) = postSolution
		SolutionGuid = {D508A8C9-E70B-4EC8-A04A-93C9682B4266}
	EndGlobalSection
EndGlobal
